
Microsoft Visual Studio Solution File, Format Version 12.00
# Visual Studio 15
Project("{FAE04EC0-301F-11D3-BF4B-00C04F79EFBC}") = "PermissionsUISample.Android", "PermissionsUISample.Android\PermissionsUISample.Android.csproj", "{239BF07D-0564-4488-97E3-61E203D1669E}"
EndProject
Project("{FAE04EC0-301F-11D3-BF4B-00C04F79EFBC}") = "PermissionsUISample.iOS", "PermissionsUISample.iOS\PermissionsUISample.iOS.csproj", "{A6B3D46F-4626-4AD8-B0D5-9CAE5D79A387}"
EndProject
Project("{FAE04EC0-301F-11D3-BF4B-00C04F79EFBC}") = "PermissionsUISample", "PermissionsUISample\PermissionsUISample.csproj", "{61079642-FCD2-4264-A7CD-51AA90B3743C}"
EndProject
Global
	GlobalSection(SolutionConfigurationPlatforms) = preSolution
		Debug|Any CPU = Debug|Any CPU
		Release|Any CPU = Release|Any CPU
		Debug|iPhoneSimulator = Debug|iPhoneSimulator
		Release|iPhoneSimulator = Release|iPhoneSimulator
		Debug|iPhone = Debug|iPhone
		Release|iPhone = Release|iPhone
	EndGlobalSection
	GlobalSection(ProjectConfigurationPlatforms) = postSolution
		{239BF07D-0564-4488-97E3-61E203D1669E}.Debug|Any CPU.ActiveCfg = Debug|Any CPU
		{239BF07D-0564-4488-97E3-61E203D1669E}.Debug|Any CPU.Build.0 = Debug|Any CPU
		{239BF07D-0564-4488-97E3-61E203D1669E}.Release|Any CPU.ActiveCfg = Release|Any CPU
		{239BF07D-0564-4488-97E3-61E203D1669E}.Release|Any CPU.Build.0 = Release|Any CPU
		{239BF07D-0564-4488-97E3-61E203D1669E}.Debug|iPhoneSimulator.ActiveCfg = Debug|Any CPU
		{239BF07D-0564-4488-97E3-61E203D1669E}.Debug|iPhoneSimulator.Build.0 = Debug|Any CPU
		{239BF07D-0564-4488-97E3-61E203D1669E}.Release|iPhoneSimulator.ActiveCfg = Release|Any CPU
		{239BF07D-0564-4488-97E3-61E203D1669E}.Release|iPhoneSimulator.Build.0 = Release|Any CPU
		{239BF07D-0564-4488-97E3-61E203D1669E}.Debug|iPhone.ActiveCfg = Debug|Any CPU
		{239BF07D-0564-4488-97E3-61E203D1669E}.Debug|iPhone.Build.0 = Debug|Any CPU
		{239BF07D-0564-4488-97E3-61E203D1669E}.Release|iPhone.ActiveCfg = Release|Any CPU
		{239BF07D-0564-4488-97E3-61E203D1669E}.Release|iPhone.Build.0 = Release|Any CPU
		{A6B3D46F-4626-4AD8-B0D5-9CAE5D79A387}.Debug|Any CPU.ActiveCfg = Debug|iPhoneSimulator
		{A6B3D46F-4626-4AD8-B0D5-9CAE5D79A387}.Debug|Any CPU.Build.0 = Debug|iPhoneSimulator
		{A6B3D46F-4626-4AD8-B0D5-9CAE5D79A387}.Release|Any CPU.ActiveCfg = Release|iPhoneSimulator
		{A6B3D46F-4626-4AD8-B0D5-9CAE5D79A387}.Release|Any CPU.Build.0 = Release|iPhoneSimulator
		{A6B3D46F-4626-4AD8-B0D5-9CAE5D79A387}.Debug|iPhoneSimulator.ActiveCfg = Debug|iPhoneSimulator
		{A6B3D46F-4626-4AD8-B0D5-9CAE5D79A387}.Debug|iPhoneSimulator.Build.0 = Debug|iPhoneSimulator
		{A6B3D46F-4626-4AD8-B0D5-9CAE5D79A387}.Release|iPhoneSimulator.ActiveCfg = Release|iPhoneSimulator
		{A6B3D46F-4626-4AD8-B0D5-9CAE5D79A387}.Release|iPhoneSimulator.Build.0 = Release|iPhoneSimulator
		{A6B3D46F-4626-4AD8-B0D5-9CAE5D79A387}.Debug|iPhone.ActiveCfg = Debug|iPhone
		{A6B3D46F-4626-4AD8-B0D5-9CAE5D79A387}.Debug|iPhone.Build.0 = Debug|iPhone
		{A6B3D46F-4626-4AD8-B0D5-9CAE5D79A387}.Release|iPhone.ActiveCfg = Release|iPhone
		{A6B3D46F-4626-4AD8-B0D5-9CAE5D79A387}.Release|iPhone.Build.0 = Release|iPhone
		{61079642-FCD2-4264-A7CD-51AA90B3743C}.Debug|Any CPU.ActiveCfg = Debug|Any CPU
		{61079642-FCD2-4264-A7CD-51AA90B3743C}.Debug|Any CPU.Build.0 = Debug|Any CPU
		{61079642-FCD2-4264-A7CD-51AA90B3743C}.Release|Any CPU.ActiveCfg = Release|Any CPU
		{61079642-FCD2-4264-A7CD-51AA90B3743C}.Release|Any CPU.Build.0 = Release|Any CPU
		{61079642-FCD2-4264-A7CD-51AA90B3743C}.Debug|iPhoneSimulator.ActiveCfg = Debug|Any CPU
		{61079642-FCD2-4264-A7CD-51AA90B3743C}.Debug|iPhoneSimulator.Build.0 = Debug|Any CPU
		{61079642-FCD2-4264-A7CD-51AA90B3743C}.Release|iPhoneSimulator.ActiveCfg = Release|Any CPU
		{61079642-FCD2-4264-A7CD-51AA90B3743C}.Release|iPhoneSimulator.Build.0 = Release|Any CPU
		{61079642-FCD2-4264-A7CD-51AA90B3743C}.Debug|iPhone.ActiveCfg = Debug|Any CPU
		{61079642-FCD2-4264-A7CD-51AA90B3743C}.Debug|iPhone.Build.0 = Debug|Any CPU
		{61079642-FCD2-4264-A7CD-51AA90B3743C}.Release|iPhone.ActiveCfg = Release|Any CPU
		{61079642-FCD2-4264-A7CD-51AA90B3743C}.Release|iPhone.Build.0 = Release|Any CPU
	EndGlobalSection
EndGlobal
